
Microsoft Visual Studio Solution File, Format Version 12.00
# Visual Studio Version 16
VisualStudioVersion = 16.0.30907.101
MinimumVisualStudioVersion = 10.0.40219.1
Project("{FAE04EC0-301F-11D3-BF4B-00C04F79EFBC}") = "Entities", "Entities\Entities.csproj", "{812EDEA4-C485-4F82-A1EA-C736207A2B2F}"
EndProject
Project("{FAE04EC0-301F-11D3-BF4B-00C04F79EFBC}") = "DataAccess", "DataAccess\DataAccess.csproj", "{74CFC576-43EF-4DC4-AB28-5FF04EAEEF9F}"
EndProject
Project("{FAE04EC0-301F-11D3-BF4B-00C04F79EFBC}") = "Business", "Business\Business.csproj", "{A054D3F3-CF8A-444E-9CB0-C1EAA2AFE807}"
EndProject
Project("{FAE04EC0-301F-11D3-BF4B-00C04F79EFBC}") = "ConsoleUI", "ConsoleUI\ConsoleUI.csproj", "{0373F00E-EA24-43D3-9B00-8EDA106DD67C}"
EndProject
Global
	GlobalSection(SolutionConfigurationPlatforms) = preSolution
		Debug|Any CPU = Debug|Any CPU
		Release|Any CPU = Release|Any CPU
	EndGlobalSection
	GlobalSection(ProjectConfigurationPlatforms) = postSolution
		{812EDEA4-C485-4F82-A1EA-C736207A2B2F}.Debug|Any CPU.ActiveCfg = Debug|Any CPU
		{812EDEA4-C485-4F82-A1EA-C736207A2B2F}.Debug|Any CPU.Build.0 = Debug|Any CPU
		{812EDEA4-C485-4F82-A1EA-C736207A2B2F}.Release|Any CPU.ActiveCfg = Release|Any CPU
		{812EDEA4-C485-4F82-A1EA-C736207A2B2F}.Release|Any CPU.Build.0 = Release|Any CPU
		{74CFC576-43EF-4DC4-AB28-5FF04EAEEF9F}.Debug|Any CPU.ActiveCfg = Debug|Any CPU
		{74CFC576-43EF-4DC4-AB28-5FF04EAEEF9F}.Debug|Any CPU.Build.0 = Debug|Any CPU
		{74CFC576-43EF-4DC4-AB28-5FF04EAEEF9F}.Release|Any CPU.ActiveCfg = Release|Any CPU
		{74CFC576-43EF-4DC4-AB28-5FF04EAEEF9F}.Release|Any CPU.Build.0 = Release|Any CPU
		{A054D3F3-CF8A-444E-9CB0-C1EAA2AFE807}.Debug|Any CPU.ActiveCfg = Debug|Any CPU
		{A054D3F3-CF8A-444E-9CB0-C1EAA2AFE807}.Debug|Any CPU.Build.0 = Debug|Any CPU
		{A054D3F3-CF8A-444E-9CB0-C1EAA2AFE807}.Release|Any CPU.ActiveCfg = Release|Any CPU
		{A054D3F3-CF8A-444E-9CB0-C1EAA2AFE807}.Release|Any CPU.Build.0 = Release|Any CPU
		{0373F00E-EA24-43D3-9B00-8EDA106DD67C}.Debug|Any CPU.ActiveCfg = Debug|Any CPU
		{0373F00E-EA24-43D3-9B00-8EDA106DD67C}.Debug|Any CPU.Build.0 = Debug|Any CPU
		{0373F00E-EA24-43D3-9B00-8EDA106DD67C}.Release|Any CPU.ActiveCfg = Release|Any CPU
		{0373F00E-EA24-43D3-9B00-8EDA106DD67C}.Release|Any CPU.Build.0 = Release|Any CPU
	EndGlobalSection
	GlobalSection(SolutionProperties) = preSolution
		HideSolutionNode = FALSE
	EndGlobalSection
	GlobalSection(ExtensibilityGlobals) = postSolution
		SolutionGuid = {B48DEF08-B2B6-48C9-8A96-247772124FCD}
	EndGlobalSection
EndGlobal
